speakeasyVersion: 1.598.3
sources:
    kintsugi-overlay:
        sourceNamespace: kintsugi-overlay
        sourceRevisionDigest: sha256:3db21383e6ebd7422d2f82475edf7a40209d2e7d94b12f8d9b82542cc51f7953
        sourceBlobDigest: sha256:eae9e0def49d4b4f2876d76faad44f731e6b8595afcbfbb7161ae479b0d76b0c
        tags:
            - latest
            - speakeasy-sdk-regen-1754093535
            - 1.0.0
targets:
    python:
        source: kintsugi-overlay
        sourceNamespace: kintsugi-overlay
        sourceRevisionDigest: sha256:3db21383e6ebd7422d2f82475edf7a40209d2e7d94b12f8d9b82542cc51f7953
        sourceBlobDigest: sha256:eae9e0def49d4b4f2876d76faad44f731e6b8595afcbfbb7161ae479b0d76b0c
        codeSamplesNamespace: kintsugi-overlay-python-code-samples
        codeSamplesRevisionDigest: sha256:2ef40508fff16bcd6f3619d3e51763b65ffff391f13cd2a95abaea385c72a458
workflow:
    workflowVersion: 1.0.0
    speakeasyVersion: latest
    sources:
        kintsugi-overlay:
            inputs:
                - location: https://api-doc.trykintsugi.com/openapi.json
            overlays:
                - location: .speakeasy/speakeasy-modifications-overlay-1.yaml
            output: output.yaml
            registry:
                location: registry.speakeasyapi.dev/kintsugi-ai/tax-platform/kintsugi-overlay
    targets:
        python:
            target: python
            source: kintsugi-overlay
            publish:
                pypi:
                    token: $PYPI_TOKEN
            codeSamples:
                registry:
                    location: registry.speakeasyapi.dev/kintsugi-ai/tax-platform/kintsugi-overlay-python-code-samples
                labelOverride:
                    fixedValue: Python (SDK)
                blocking: false
