speakeasyVersion: 1.594.0
sources:
    kintsugi-overlay:
        sourceNamespace: kintsugi-overlay
        sourceRevisionDigest: sha256:16cdebe27a641c2c4cdfa4cade87248a46946f6b09608d9475505b8176b3ac8c
        sourceBlobDigest: sha256:8718f5ad5e2a9bb3aa309c8eeb8284615d302e4e91dc38fd928144baef3040a2
        tags:
            - latest
            - speakeasy-sdk-regen-1753992291
            - 1.0.0
targets:
    python:
        source: kintsugi-overlay
        sourceNamespace: kintsugi-overlay
        sourceRevisionDigest: sha256:16cdebe27a641c2c4cdfa4cade87248a46946f6b09608d9475505b8176b3ac8c
        sourceBlobDigest: sha256:8718f5ad5e2a9bb3aa309c8eeb8284615d302e4e91dc38fd928144baef3040a2
        codeSamplesNamespace: kintsugi-overlay-python-code-samples
        codeSamplesRevisionDigest: sha256:6c569bd05c3bc04dacce6d7efed07f46b53655e2109ded43b932c9302e4fc1cb
workflow:
    workflowVersion: 1.0.0
    speakeasyVersion: latest
    sources:
        kintsugi-overlay:
            inputs:
                - location: https://api-doc.trykintsugi.com/openapi.json
            overlays:
                - location: ./overlay.yaml
                - location: .speakeasy/speakeasy-modifications-overlay.yaml
            output: output.yaml
            registry:
                location: registry.speakeasyapi.dev/kintsugi-ai/tax-platform/kintsugi-overlay
    targets:
        python:
            target: python
            source: kintsugi-overlay
            publish:
                pypi:
                    token: $PYPI_TOKEN
            codeSamples:
                registry:
                    location: registry.speakeasyapi.dev/kintsugi-ai/tax-platform/kintsugi-overlay-python-code-samples
                labelOverride:
                    fixedValue: Python (SDK)
                blocking: false
