speakeasyVersion: 1.600.2
sources:
    kintsugi-overlay:
        sourceNamespace: kintsugi-overlay
        sourceRevisionDigest: sha256:cc2f36de35a76b0677b8aa7f99a8235a65f7ecab20cf32849f635f94bae818b2
        sourceBlobDigest: sha256:d830942e232f1508e80c2e749d972d22d177ecd90fd6752618f200c22f7bd1ce
        tags:
            - latest
            - speakeasy-sdk-regen-1754611968
            - 1.0.0
targets:
    python:
        source: kintsugi-overlay
        sourceNamespace: kintsugi-overlay
        sourceRevisionDigest: sha256:cc2f36de35a76b0677b8aa7f99a8235a65f7ecab20cf32849f635f94bae818b2
        sourceBlobDigest: sha256:d830942e232f1508e80c2e749d972d22d177ecd90fd6752618f200c22f7bd1ce
        codeSamplesNamespace: kintsugi-overlay-python-code-samples
        codeSamplesRevisionDigest: sha256:f8fdeb2c414ec091c3444d952dc93d1fa655766dc241638a5238e3ecd77ad6cb
workflow:
    workflowVersion: 1.0.0
    speakeasyVersion: latest
    sources:
        kintsugi-overlay:
            inputs:
                - location: https://api-doc.trykintsugi.com/openapi.json
            overlays:
                - location: .speakeasy/speakeasy-modifications-overlay-1.yaml
            output: output.yaml
            registry:
                location: registry.speakeasyapi.dev/kintsugi-ai/tax-platform/kintsugi-overlay
    targets:
        python:
            target: python
            source: kintsugi-overlay
            publish:
                pypi:
                    token: $PYPI_TOKEN
            codeSamples:
                registry:
                    location: registry.speakeasyapi.dev/kintsugi-ai/tax-platform/kintsugi-overlay-python-code-samples
                labelOverride:
                    fixedValue: Python (SDK)
                blocking: false
